
Microsoft Visual Studio Solution File, Format Version 12.00
Project("{FAE04EC0-301F-11D3-BF4B-00C04F79EFBC}") = "LaserTurret", "src\LaserTurret\LaserTurret.csproj", "{D599AAF7-D94E-48D1-B345-4ADCDA04F4C5}"
EndProject
Project("{FAE04EC0-301F-11D3-BF4B-00C04F79EFBC}") = "HyperbaricReservoir", "src\HyperbaricReservoir\HyperbaricReservoir.csproj", "{E5E61711-9A97-4FCD-9B8E-669CB147938D}"
EndProject
Project("{FAE04EC0-301F-11D3-BF4B-00C04F79EFBC}") = "RotatablePowerTransformer", "src\RotatablePowerTransformer\RotatablePowerTransformer.csproj", "{51D763A9-C8FB-434E-A7AA-0FB69E911A91}"
EndProject
Project("{FAE04EC0-301F-11D3-BF4B-00C04F79EFBC}") = "MicrobeMusherWithLight", "src\MicrobeMusherWithLight\MicrobeMusherWithLight.csproj", "{ABEDA729-09BF-47A2-89F9-0FB1E73FEAC4}"
EndProject
Project("{FAE04EC0-301F-11D3-BF4B-00C04F79EFBC}") = "SmootherLight", "src\SmootherLight\SmootherLight.csproj", "{9CCDE08D-0D2B-416C-940A-1330DC875973}"
EndProject
Project("{FAE04EC0-301F-11D3-BF4B-00C04F79EFBC}") = "SimplerPipPlantRule", "src\SimplerPipPlantRule\SimplerPipPlantRule.csproj", "{3F6ABB82-733B-42CE-8F7F-FCFDBC7D4FD1}"
EndProject
Global
	GlobalSection(SolutionConfigurationPlatforms) = preSolution
		Debug|Any CPU = Debug|Any CPU
		Release|Any CPU = Release|Any CPU
	EndGlobalSection
	GlobalSection(ProjectConfigurationPlatforms) = postSolution
		{D599AAF7-D94E-48D1-B345-4ADCDA04F4C5}.Debug|Any CPU.ActiveCfg = Debug|Any CPU
		{D599AAF7-D94E-48D1-B345-4ADCDA04F4C5}.Debug|Any CPU.Build.0 = Debug|Any CPU
		{D599AAF7-D94E-48D1-B345-4ADCDA04F4C5}.Release|Any CPU.ActiveCfg = Release|Any CPU
		{D599AAF7-D94E-48D1-B345-4ADCDA04F4C5}.Release|Any CPU.Build.0 = Release|Any CPU
		{E5E61711-9A97-4FCD-9B8E-669CB147938D}.Debug|Any CPU.ActiveCfg = Debug|Any CPU
		{E5E61711-9A97-4FCD-9B8E-669CB147938D}.Debug|Any CPU.Build.0 = Debug|Any CPU
		{E5E61711-9A97-4FCD-9B8E-669CB147938D}.Release|Any CPU.ActiveCfg = Release|Any CPU
		{E5E61711-9A97-4FCD-9B8E-669CB147938D}.Release|Any CPU.Build.0 = Release|Any CPU
		{51D763A9-C8FB-434E-A7AA-0FB69E911A91}.Debug|Any CPU.ActiveCfg = Debug|Any CPU
		{51D763A9-C8FB-434E-A7AA-0FB69E911A91}.Debug|Any CPU.Build.0 = Debug|Any CPU
		{51D763A9-C8FB-434E-A7AA-0FB69E911A91}.Release|Any CPU.ActiveCfg = Release|Any CPU
		{51D763A9-C8FB-434E-A7AA-0FB69E911A91}.Release|Any CPU.Build.0 = Release|Any CPU
		{ABEDA729-09BF-47A2-89F9-0FB1E73FEAC4}.Debug|Any CPU.ActiveCfg = Debug|Any CPU
		{ABEDA729-09BF-47A2-89F9-0FB1E73FEAC4}.Debug|Any CPU.Build.0 = Debug|Any CPU
		{ABEDA729-09BF-47A2-89F9-0FB1E73FEAC4}.Release|Any CPU.ActiveCfg = Release|Any CPU
		{ABEDA729-09BF-47A2-89F9-0FB1E73FEAC4}.Release|Any CPU.Build.0 = Release|Any CPU
		{9CCDE08D-0D2B-416C-940A-1330DC875973}.Debug|Any CPU.ActiveCfg = Debug|Any CPU
		{9CCDE08D-0D2B-416C-940A-1330DC875973}.Debug|Any CPU.Build.0 = Debug|Any CPU
		{9CCDE08D-0D2B-416C-940A-1330DC875973}.Release|Any CPU.ActiveCfg = Release|Any CPU
		{9CCDE08D-0D2B-416C-940A-1330DC875973}.Release|Any CPU.Build.0 = Release|Any CPU
		{3F6ABB82-733B-42CE-8F7F-FCFDBC7D4FD1}.Debug|Any CPU.ActiveCfg = Debug|Any CPU
		{3F6ABB82-733B-42CE-8F7F-FCFDBC7D4FD1}.Debug|Any CPU.Build.0 = Debug|Any CPU
		{3F6ABB82-733B-42CE-8F7F-FCFDBC7D4FD1}.Release|Any CPU.ActiveCfg = Release|Any CPU
		{3F6ABB82-733B-42CE-8F7F-FCFDBC7D4FD1}.Release|Any CPU.Build.0 = Release|Any CPU
	EndGlobalSection
EndGlobal
