
Microsoft Visual Studio Solution File, Format Version 12.00
Project("{FAE04EC0-301F-11D3-BF4B-00C04F79EFBC}") = "LaserTurret", "src\LaserTurret\LaserTurret.csproj", "{D599AAF7-D94E-48D1-B345-4ADCDA04F4C5}"
EndProject
Project("{FAE04EC0-301F-11D3-BF4B-00C04F79EFBC}") = "HighPressureReservoir", "src\HighPressureReservoir\HighPressureReservoir.csproj", "{E5E61711-9A97-4FCD-9B8E-669CB147938D}"
EndProject
Project("{FAE04EC0-301F-11D3-BF4B-00C04F79EFBC}") = "RotatablePowerTransformer", "src\RotatablePowerTransformer\RotatablePowerTransformer.csproj", "{51D763A9-C8FB-434E-A7AA-0FB69E911A91}"
EndProject
Global
	GlobalSection(SolutionConfigurationPlatforms) = preSolution
		Debug|Any CPU = Debug|Any CPU
		Release|Any CPU = Release|Any CPU
	EndGlobalSection
	GlobalSection(ProjectConfigurationPlatforms) = postSolution
		{D599AAF7-D94E-48D1-B345-4ADCDA04F4C5}.Debug|Any CPU.ActiveCfg = Debug|Any CPU
		{D599AAF7-D94E-48D1-B345-4ADCDA04F4C5}.Debug|Any CPU.Build.0 = Debug|Any CPU
		{D599AAF7-D94E-48D1-B345-4ADCDA04F4C5}.Release|Any CPU.ActiveCfg = Release|Any CPU
		{D599AAF7-D94E-48D1-B345-4ADCDA04F4C5}.Release|Any CPU.Build.0 = Release|Any CPU
		{E5E61711-9A97-4FCD-9B8E-669CB147938D}.Debug|Any CPU.ActiveCfg = Debug|Any CPU
		{E5E61711-9A97-4FCD-9B8E-669CB147938D}.Debug|Any CPU.Build.0 = Debug|Any CPU
		{E5E61711-9A97-4FCD-9B8E-669CB147938D}.Release|Any CPU.ActiveCfg = Release|Any CPU
		{E5E61711-9A97-4FCD-9B8E-669CB147938D}.Release|Any CPU.Build.0 = Release|Any CPU
		{51D763A9-C8FB-434E-A7AA-0FB69E911A91}.Debug|Any CPU.ActiveCfg = Debug|Any CPU
		{51D763A9-C8FB-434E-A7AA-0FB69E911A91}.Debug|Any CPU.Build.0 = Debug|Any CPU
		{51D763A9-C8FB-434E-A7AA-0FB69E911A91}.Release|Any CPU.ActiveCfg = Release|Any CPU
		{51D763A9-C8FB-434E-A7AA-0FB69E911A91}.Release|Any CPU.Build.0 = Release|Any CPU
	EndGlobalSection
EndGlobal
